
Microsoft Visual Studio Solution File, Format Version 12.00
# Visual Studio Version 17
VisualStudioVersion = 17.8.34322.80
MinimumVisualStudioVersion = 10.0.40219.1
Project("{2150E333-8FDC-42A3-9474-1A3956D46DE8}") = "DLL", "DLL", "{0AA21C56-868C-4011-8A06-DAEC7F85014A}"
EndProject
Project("{2150E333-8FDC-42A3-9474-1A3956D46DE8}") = "Interface", "Interface", "{CA8B2B0C-966E-4AB8-A2F3-93B095E98EB8}"
EndProject
Project("{FAE04EC0-301F-11D3-BF4B-00C04F79EFBC}") = "Dados", "DLL\Dados\Dados\Dados.csproj", "{35422281-735E-4055-AE4F-F63C5131AA49}"
EndProject
Project("{FAE04EC0-301F-11D3-BF4B-00C04F79EFBC}") = "ObjetosNegocios", "DLL\ObjetosNegocios\ObjetosNegocios\ObjetosNegocios.csproj", "{C2BA639F-1F57-4B4C-B222-2445FC57B534}"
EndProject
Project("{FAE04EC0-301F-11D3-BF4B-00C04F79EFBC}") = "RegrasNegocio", "DLL\RegrasNegocios\RegrasNegocio\RegrasNegocio.csproj", "{3492E4B1-16D8-4696-BE33-2C1F12D3F66F}"
EndProject
Project("{FAE04EC0-301F-11D3-BF4B-00C04F79EFBC}") = "Programa Teste", "Executavel\Programa Teste\Programa Teste\Programa Teste.csproj", "{710BBA01-A5BD-440A-BFD8-C30BEC7ACE98}"
EndProject
Global
	GlobalSection(SolutionConfigurationPlatforms) = preSolution
		Debug|Any CPU = Debug|Any CPU
		Release|Any CPU = Release|Any CPU
	EndGlobalSection
	GlobalSection(ProjectConfigurationPlatforms) = postSolution
		{35422281-735E-4055-AE4F-F63C5131AA49}.Debug|Any CPU.ActiveCfg = Debug|Any CPU
		{35422281-735E-4055-AE4F-F63C5131AA49}.Debug|Any CPU.Build.0 = Debug|Any CPU
		{35422281-735E-4055-AE4F-F63C5131AA49}.Release|Any CPU.ActiveCfg = Release|Any CPU
		{35422281-735E-4055-AE4F-F63C5131AA49}.Release|Any CPU.Build.0 = Release|Any CPU
		{C2BA639F-1F57-4B4C-B222-2445FC57B534}.Debug|Any CPU.ActiveCfg = Debug|Any CPU
		{C2BA639F-1F57-4B4C-B222-2445FC57B534}.Debug|Any CPU.Build.0 = Debug|Any CPU
		{C2BA639F-1F57-4B4C-B222-2445FC57B534}.Release|Any CPU.ActiveCfg = Release|Any CPU
		{C2BA639F-1F57-4B4C-B222-2445FC57B534}.Release|Any CPU.Build.0 = Release|Any CPU
		{3492E4B1-16D8-4696-BE33-2C1F12D3F66F}.Debug|Any CPU.ActiveCfg = Debug|Any CPU
		{3492E4B1-16D8-4696-BE33-2C1F12D3F66F}.Debug|Any CPU.Build.0 = Debug|Any CPU
		{3492E4B1-16D8-4696-BE33-2C1F12D3F66F}.Release|Any CPU.ActiveCfg = Release|Any CPU
		{3492E4B1-16D8-4696-BE33-2C1F12D3F66F}.Release|Any CPU.Build.0 = Release|Any CPU
		{710BBA01-A5BD-440A-BFD8-C30BEC7ACE98}.Debug|Any CPU.ActiveCfg = Debug|Any CPU
		{710BBA01-A5BD-440A-BFD8-C30BEC7ACE98}.Debug|Any CPU.Build.0 = Debug|Any CPU
		{710BBA01-A5BD-440A-BFD8-C30BEC7ACE98}.Release|Any CPU.ActiveCfg = Release|Any CPU
		{710BBA01-A5BD-440A-BFD8-C30BEC7ACE98}.Release|Any CPU.Build.0 = Release|Any CPU
	EndGlobalSection
	GlobalSection(SolutionProperties) = preSolution
		HideSolutionNode = FALSE
	EndGlobalSection
	GlobalSection(NestedProjects) = preSolution
		{35422281-735E-4055-AE4F-F63C5131AA49} = {0AA21C56-868C-4011-8A06-DAEC7F85014A}
		{C2BA639F-1F57-4B4C-B222-2445FC57B534} = {0AA21C56-868C-4011-8A06-DAEC7F85014A}
		{3492E4B1-16D8-4696-BE33-2C1F12D3F66F} = {0AA21C56-868C-4011-8A06-DAEC7F85014A}
	EndGlobalSection
	GlobalSection(ExtensibilityGlobals) = postSolution
		SolutionGuid = {A565F0CF-2D10-490B-8E6A-B479EC938307}
	EndGlobalSection
EndGlobal
