
Microsoft Visual Studio Solution File, Format Version 12.00
# Visual Studio Version 17
VisualStudioVersion = 17.7.34202.233
MinimumVisualStudioVersion = 10.0.40219.1
Project("{FAE04EC0-301F-11D3-BF4B-00C04F79EFBC}") = "GestorImovel", "GestorImovel\GestorImovel.csproj", "{E000B90B-98CF-4A4F-8519-148484263887}"
EndProject
Project("{2150E333-8FDC-42A3-9474-1A3956D46DE8}") = "DLL", "DLL", "{66E75B67-4A23-438E-8D70-EC36A12CA2FF}"
EndProject
Project("{2150E333-8FDC-42A3-9474-1A3956D46DE8}") = "Readme", "Readme", "{25A55B22-B34B-44B0-81A5-82D026000175}"
	ProjectSection(SolutionItems) = preProject
		Readme.txt = Readme.txt
	EndProjectSection
EndProject
Project("{FAE04EC0-301F-11D3-BF4B-00C04F79EFBC}") = "DLLPessoas", "DLL - Pessoas\DLLPessoas.csproj", "{DA1F5C16-A9DB-43CF-86AD-97D32E9FF356}"
EndProject
Project("{FAE04EC0-301F-11D3-BF4B-00C04F79EFBC}") = "DLLImovel", "DLL - Imovel\DLLImovel.csproj", "{7103D11E-CF07-46F0-930B-43AD951A2F6E}"
EndProject
Global
	GlobalSection(SolutionConfigurationPlatforms) = preSolution
		Debug|Any CPU = Debug|Any CPU
		Release|Any CPU = Release|Any CPU
	EndGlobalSection
	GlobalSection(ProjectConfigurationPlatforms) = postSolution
		{E000B90B-98CF-4A4F-8519-148484263887}.Debug|Any CPU.ActiveCfg = Debug|Any CPU
		{E000B90B-98CF-4A4F-8519-148484263887}.Debug|Any CPU.Build.0 = Debug|Any CPU
		{E000B90B-98CF-4A4F-8519-148484263887}.Release|Any CPU.ActiveCfg = Release|Any CPU
		{E000B90B-98CF-4A4F-8519-148484263887}.Release|Any CPU.Build.0 = Release|Any CPU
		{DA1F5C16-A9DB-43CF-86AD-97D32E9FF356}.Debug|Any CPU.ActiveCfg = Debug|Any CPU
		{DA1F5C16-A9DB-43CF-86AD-97D32E9FF356}.Debug|Any CPU.Build.0 = Debug|Any CPU
		{DA1F5C16-A9DB-43CF-86AD-97D32E9FF356}.Release|Any CPU.ActiveCfg = Release|Any CPU
		{DA1F5C16-A9DB-43CF-86AD-97D32E9FF356}.Release|Any CPU.Build.0 = Release|Any CPU
		{7103D11E-CF07-46F0-930B-43AD951A2F6E}.Debug|Any CPU.ActiveCfg = Debug|Any CPU
		{7103D11E-CF07-46F0-930B-43AD951A2F6E}.Debug|Any CPU.Build.0 = Debug|Any CPU
		{7103D11E-CF07-46F0-930B-43AD951A2F6E}.Release|Any CPU.ActiveCfg = Release|Any CPU
		{7103D11E-CF07-46F0-930B-43AD951A2F6E}.Release|Any CPU.Build.0 = Release|Any CPU
	EndGlobalSection
	GlobalSection(SolutionProperties) = preSolution
		HideSolutionNode = FALSE
	EndGlobalSection
	GlobalSection(NestedProjects) = preSolution
		{DA1F5C16-A9DB-43CF-86AD-97D32E9FF356} = {66E75B67-4A23-438E-8D70-EC36A12CA2FF}
		{7103D11E-CF07-46F0-930B-43AD951A2F6E} = {66E75B67-4A23-438E-8D70-EC36A12CA2FF}
	EndGlobalSection
	GlobalSection(ExtensibilityGlobals) = postSolution
		SolutionGuid = {B219068B-FDAA-4905-ABDA-91F730E2A1C0}
	EndGlobalSection
EndGlobal
